
Microsoft Visual Studio Solution File, Format Version 12.00
# Visual Studio Version 17
VisualStudioVersion = 17.2.32616.157
MinimumVisualStudioVersion = 10.0.40219.1
Project("{FAE04EC0-301F-11D3-BF4B-00C04F79EFBC}") = "ReportWiew", "ReportWiew\ReportWiew.csproj", "{38337120-091B-4137-9D77-976A57DEFF1D}"
EndProject
Global
	GlobalSection(SolutionConfigurationPlatforms) = preSolution
		Debug|Any CPU = Debug|Any CPU
		Release|Any CPU = Release|Any CPU
	EndGlobalSection
	GlobalSection(ProjectConfigurationPlatforms) = postSolution
		{38337120-091B-4137-9D77-976A57DEFF1D}.Debug|Any CPU.ActiveCfg = Debug|Any CPU
		{38337120-091B-4137-9D77-976A57DEFF1D}.Debug|Any CPU.Build.0 = Debug|Any CPU
		{38337120-091B-4137-9D77-976A57DEFF1D}.Release|Any CPU.ActiveCfg = Release|Any CPU
		{38337120-091B-4137-9D77-976A57DEFF1D}.Release|Any CPU.Build.0 = Release|Any CPU
	EndGlobalSection
	GlobalSection(SolutionProperties) = preSolution
		HideSolutionNode = FALSE
	EndGlobalSection
	GlobalSection(ExtensibilityGlobals) = postSolution
		SolutionGuid = {A5F11D4C-B266-49EC-A65D-FC01227F7C1A}
	EndGlobalSection
EndGlobal
